dependencies:
  espressif/esp_io_expander:
    component_hash: 7b7f91270172e46ca4597e3874f48d8412e280e8c295559f5922ec38656e3e5f
    dependencies:
    - name: idf
      require: private
      version: '>=4.4.2'
    source:
      registry_url: https://components.espressif.com
      type: service
    version: 1.2.1
  idf:
    source:
      type: idf
    version: 5.4.3
  wngfra/esp_io_expander_pca9535:
    component_hash: dbbdeb45954cb79626520d21a78d07bf2660b6c2cf6972aff533006466d9c31f
    dependencies:
    - name: espressif/esp_io_expander
      registry_url: https://components.espressif.com
      require: public
      version: ^1.0.1
    - name: idf
      require: private
      version: '>=5.2.0'
    source:
      registry_url: https://components.espressif.com/
      type: service
    version: 1.0.1
direct_dependencies:
- idf
- wngfra/esp_io_expander_pca9535
manifest_hash: ccce76b6d8d44b61258f82c278792e6060a7b705a690969b149b8abb3d105194
target: esp32p4
version: 2.0.0
